// !$*UTF8*$!
{
	archiveVersion = 1;
	classes = {
	};
	objectVersion = 50;
	objects = {

/* Begin PBXBuildFile section */
		43023867243D14FC00B42A83 /* AppDelegate.swift in Sources */ = {isa = PBXBuildFile; fileRef = 43023866243D14FC00B42A83 /* AppDelegate.swift */; };
		43023869243D14FC00B42A83 /* SceneDelegate.swift in Sources */ = {isa = PBXBuildFile; fileRef = 43023868243D14FC00B42A83 /* SceneDelegate.swift */; };
		4302386B243D14FC00B42A83 /* ContentView.swift in Sources */ = {isa = PBXBuildFile; fileRef = 4302386A243D14FC00B42A83 /* ContentView.swift */; };
		4302386D243D14FE00B42A83 /* Assets.xcassets in Resources */ = {isa = PBXBuildFile; fileRef = 4302386C243D14FE00B42A83 /* Assets.xcassets */; };
		43023870243D14FE00B42A83 /* Preview Assets.xcassets in Resources */ = {isa = PBXBuildFile; fileRef = 4302386F243D14FE00B42A83 /* Preview Assets.xcassets */; };
		43023873243D14FE00B42A83 /* LaunchScreen.storyboard in Resources */ = {isa = PBXBuildFile; fileRef = 43023871243D14FE00B42A83 /* LaunchScreen.storyboard */; };
		4302387D243D295E00B42A83 /* SFSymbolsView.swift in Sources */ = {isa = PBXBuildFile; fileRef = 4302387C243D295E00B42A83 /* SFSymbolsView.swift */; };
		4302387F243D300900B42A83 /* SFSymbol.swift in Sources */ = {isa = PBXBuildFile; fileRef = 4302387E243D300900B42A83 /* SFSymbol.swift */; };
		432201C7243FE75D00C689C2 /* View+Style.swift in Sources */ = {isa = PBXBuildFile; fileRef = 432201C6243FE75D00C689C2 /* View+Style.swift */; };
		436520AE247CF345003BF065 /* NavigationViewChecker.swift in Sources */ = {isa = PBXBuildFile; fileRef = 4302387A243D154C00B42A83 /* NavigationViewChecker.swift */; };
/* End PBXBuildFile section */

/* Begin PBXFileReference section */
		43023863243D14FC00B42A83 /* SwiftUIChecker.app */ = {isa = PBXFileReference; explicitFileType = wrapper.application; includeInIndex = 0; path = SwiftUIChecker.app; sourceTree = BUILT_PRODUCTS_DIR; };
		43023866243D14FC00B42A83 /* AppDelegate.swift */ = {isa = PBXFileReference; lastKnownFileType = sourcecode.swift; path = AppDelegate.swift; sourceTree = "<group>"; };
		43023868243D14FC00B42A83 /* SceneDelegate.swift */ = {isa = PBXFileReference; lastKnownFileType = sourcecode.swift; path = SceneDelegate.swift; sourceTree = "<group>"; };
		4302386A243D14FC00B42A83 /* ContentView.swift */ = {isa = PBXFileReference; lastKnownFileType = sourcecode.swift; path = ContentView.swift; sourceTree = "<group>"; };
		4302386C243D14FE00B42A83 /* Assets.xcassets */ = {isa = PBXFileReference; lastKnownFileType = folder.assetcatalog; path = Assets.xcassets; sourceTree = "<group>"; };
		4302386F243D14FE00B42A83 /* Preview Assets.xcassets */ = {isa = PBXFileReference; lastKnownFileType = folder.assetcatalog; path = "Preview Assets.xcassets"; sourceTree = "<group>"; };
		43023872243D14FE00B42A83 /* Base */ = {isa = PBXFileReference; lastKnownFileType = file.storyboard; name = Base; path = Base.lproj/LaunchScreen.storyboard; sourceTree = "<group>"; };
		43023874243D14FE00B42A83 /* Info.plist */ = {isa = PBXFileReference; lastKnownFileType = text.plist.xml; path = Info.plist; sourceTree = "<group>"; };
		4302387A243D154C00B42A83 /* NavigationViewChecker.swift */ = {isa = PBXFileReference; lastKnownFileType = sourcecode.swift; path = NavigationViewChecker.swift; sourceTree = "<group>"; };
		4302387C243D295E00B42A83 /* SFSymbolsView.swift */ = {isa = PBXFileReference; lastKnownFileType = sourcecode.swift; path = SFSymbolsView.swift; sourceTree = "<group>"; };
		4302387E243D300900B42A83 /* SFSymbol.swift */ = {isa = PBXFileReference; lastKnownFileType = sourcecode.swift; path = SFSymbol.swift; sourceTree = "<group>"; };
		432201C6243FE75D00C689C2 /* View+Style.swift */ = {isa = PBXFileReference; lastKnownFileType = sourcecode.swift; path = "View+Style.swift"; sourceTree = "<group>"; };
/* End PBXFileReference section */

/* Begin PBXFrameworksBuildPhase section */
		43023860243D14FC00B42A83 /* Frameworks */ = {
			isa = PBXFrameworksBuildPhase;
			buildActionMask = 2147483647;
			files = (
			);
			runOnlyForDeploymentPostprocessing = 0;
		};
/* End PBXFrameworksBuildPhase section */

/* Begin PBXGroup section */
		4302385A243D14FC00B42A83 = {
			isa = PBXGroup;
			children = (
				43023865243D14FC00B42A83 /* SwiftUIChecker */,
				43023864243D14FC00B42A83 /* Products */,
			);
			sourceTree = "<group>";
		};
		43023864243D14FC00B42A83 /* Products */ = {
			isa = PBXGroup;
			children = (
				43023863243D14FC00B42A83 /* SwiftUIChecker.app */,
			);
			name = Products;
			sourceTree = "<group>";
		};
		43023865243D14FC00B42A83 /* SwiftUIChecker */ = {
			isa = PBXGroup;
			children = (
				43023866243D14FC00B42A83 /* AppDelegate.swift */,
				43023868243D14FC00B42A83 /* SceneDelegate.swift */,
				4302386A243D14FC00B42A83 /* ContentView.swift */,
				4302386C243D14FE00B42A83 /* Assets.xcassets */,
				43023871243D14FE00B42A83 /* LaunchScreen.storyboard */,
				43023874243D14FE00B42A83 /* Info.plist */,
				4302386E243D14FE00B42A83 /* Preview Content */,
				4302387A243D154C00B42A83 /* NavigationViewChecker.swift */,
				4302387C243D295E00B42A83 /* SFSymbolsView.swift */,
				4302387E243D300900B42A83 /* SFSymbol.swift */,
				432201C6243FE75D00C689C2 /* View+Style.swift */,
			);
			path = SwiftUIChecker;
			sourceTree = "<group>";
		};
		4302386E243D14FE00B42A83 /* Preview Content */ = {
			isa = PBXGroup;
			children = (
				4302386F243D14FE00B42A83 /* Preview Assets.xcassets */,
			);
			path = "Preview Content";
			sourceTree = "<group>";
		};
/* End PBXGroup section */

/* Begin PBXNativeTarget section */
		43023862243D14FC00B42A83 /* SwiftUIChecker */ = {
			isa = PBXNativeTarget;
			buildConfigurationList = 43023877243D14FE00B42A83 /* Build configuration list for PBXNativeTarget "SwiftUIChecker" */;
			buildPhases = (
				4302385F243D14FC00B42A83 /* Sources */,
				43023860243D14FC00B42A83 /* Frameworks */,
				43023861243D14FC00B42A83 /* Resources */,
			);
			buildRules = (
			);
			dependencies = (
			);
			name = SwiftUIChecker;
			productName = SwiftUIChecker;
			productReference = 43023863243D14FC00B42A83 /* SwiftUIChecker.app */;
			productType = "com.apple.product-type.application";
		};
/* End PBXNativeTarget section */

/* Begin PBXProject section */
		4302385B243D14FC00B42A83 /* Project object */ = {
			isa = PBXProject;
			attributes = {
				LastSwiftUpdateCheck = 1140;
				LastUpgradeCheck = 1140;
				ORGANIZATIONNAME = wasitu;
				TargetAttributes = {
					43023862243D14FC00B42A83 = {
						CreatedOnToolsVersion = 11.4;
					};
				};
			};
			buildConfigurationList = 4302385E243D14FC00B42A83 /* Build configuration list for PBXProject "SwiftUIChecker" */;
			compatibilityVersion = "Xcode 9.3";
			developmentRegion = en;
			hasScannedForEncodings = 0;
			knownRegions = (
				en,
				Base,
			);
			mainGroup = 4302385A243D14FC00B42A83;
			productRefGroup = 43023864243D14FC00B42A83 /* Products */;
			projectDirPath = "";
			projectRoot = "";
			targets = (
				43023862243D14FC00B42A83 /* SwiftUIChecker */,
			);
		};
/* End PBXProject section */

/* Begin PBXResourcesBuildPhase section */
		43023861243D14FC00B42A83 /* Resources */ = {
			isa = PBXResourcesBuildPhase;
			buildActionMask = 2147483647;
			files = (
				43023873243D14FE00B42A83 /* LaunchScreen.storyboard in Resources */,
				43023870243D14FE00B42A83 /* Preview Assets.xcassets in Resources */,
				4302386D243D14FE00B42A83 /* Assets.xcassets in Resources */,
			);
			runOnlyForDeploymentPostprocessing = 0;
		};
/* End PBXResourcesBuildPhase section */

/* Begin PBXSourcesBuildPhase section */
		4302385F243D14FC00B42A83 /* Sources */ = {
			isa = PBXSourcesBuildPhase;
			buildActionMask = 2147483647;
			files = (
				436520AE247CF345003BF065 /* NavigationViewChecker.swift in Sources */,
				432201C7243FE75D00C689C2 /* View+Style.swift in Sources */,
				4302387D243D295E00B42A83 /* SFSymbolsView.swift in Sources */,
				43023867243D14FC00B42A83 /* AppDelegate.swift in Sources */,
				4302387F243D300900B42A83 /* SFSymbol.swift in Sources */,
				43023869243D14FC00B42A83 /* SceneDelegate.swift in Sources */,
				4302386B243D14FC00B42A83 /* ContentView.swift in Sources */,
			);
			runOnlyForDeploymentPostprocessing = 0;
		};
/* End PBXSourcesBuildPhase section */

/* Begin PBXVariantGroup section */
		43023871243D14FE00B42A83 /* LaunchScreen.storyboard */ = {
			isa = PBXVariantGroup;
			children = (
				43023872243D14FE00B42A83 /* Base */,
			);
			name = LaunchScreen.storyboard;
			sourceTree = "<group>";
		};
/* End PBXVariantGroup section */

/* Begin XCBuildConfiguration section */
		43023875243D14FE00B42A83 /* Debug */ = {
			isa = XCBuildConfiguration;
			buildSettings = {
				ALWAYS_SEARCH_USER_PATHS = NO;
				CLANG_ANALYZER_NONNULL = YES;
				CLANG_ANALYZER_NUMBER_OBJECT_CONVERSION = YES_AGGRESSIVE;
				CLANG_CXX_LANGUAGE_STANDARD = "gnu++14";
				CLANG_CXX_LIBRARY = "libc++";
				CLANG_ENABLE_MODULES = YES;
				CLANG_ENABLE_OBJC_ARC = YES;
				CLANG_ENABLE_OBJC_WEAK = YES;
				CLANG_WARN_BLOCK_CAPTURE_AUTORELEASING = YES;
				CLANG_WARN_BOOL_CONVERSION = YES;
				CLANG_WARN_COMMA = YES;
				CLANG_WARN_CONSTANT_CONVERSION = YES;
				CLANG_WARN_DEPRECATED_OBJC_IMPLEMENTATIONS = YES;
				CLANG_WARN_DIRECT_OBJC_ISA_USAGE = YES_ERROR;
				CLANG_WARN_DOCUMENTATION_COMMENTS = YES;
				CLANG_WARN_EMPTY_BODY = YES;
				CLANG_WARN_ENUM_CONVERSION = YES;
				CLANG_WARN_INFINITE_RECURSION = YES;
				CLANG_WARN_INT_CONVERSION = YES;
				CLANG_WARN_NON_LITERAL_NULL_CONVERSION = YES;
				CLANG_WARN_OBJC_IMPLICIT_RETAIN_SELF = YES;
				CLANG_WARN_OBJC_LITERAL_CONVERSION = YES;
				CLANG_WARN_OBJC_ROOT_CLASS = YES_ERROR;
				CLANG_WARN_RANGE_LOOP_ANALYSIS = YES;
				CLANG_WARN_STRICT_PROTOTYPES = YES;
				CLANG_WARN_SUSPICIOUS_MOVE = YES;
				CLANG_WARN_UNGUARDED_AVAILABILITY = YES_AGGRESSIVE;
				CLANG_WARN_UNREACHABLE_CODE = YES;
				CLANG_WARN__DUPLICATE_METHOD_MATCH = YES;
				COPY_PHASE_STRIP = NO;
				DEBUG_INFORMATION_FORMAT = dwarf;
				ENABLE_STRICT_OBJC_MSGSEND = YES;
				ENABLE_TESTABILITY = YES;
				GCC_C_LANGUAGE_STANDARD = gnu11;
				GCC_DYNAMIC_NO_PIC = NO;
				GCC_NO_COMMON_BLOCKS = YES;
				GCC_OPTIMIZATION_LEVEL = 0;
				GCC_PREPROCESSOR_DEFINITIONS = (
					"DEBUG=1",
					"$(inherited)",
				);
				GCC_WARN_64_TO_32_BIT_CONVERSION = YES;
				GCC_WARN_ABOUT_RETURN_TYPE = YES_ERROR;
				GCC_WARN_UNDECLARED_SELECTOR = YES;
				GCC_WARN_UNINITIALIZED_AUTOS = YES_AGGRESSIVE;
				GCC_WARN_UNUSED_FUNCTION = YES;
				GCC_WARN_UNUSED_VARIABLE = YES;
				IPHONEOS_DEPLOYMENT_TARGET = 13.4;
				MTL_ENABLE_DEBUG_INFO = INCLUDE_SOURCE;
				MTL_FAST_MATH = YES;
				ONLY_ACTIVE_ARCH = YES;
				SDKROOT = iphoneos;
				SWIFT_ACTIVE_COMPILATION_CONDITIONS = DEBUG;
				SWIFT_OPTIMIZATION_LEVEL = "-Onone";
			};
			name = Debug;
		};
		43023876243D14FE00B42A83 /* Release */ = {
			isa = XCBuildConfiguration;
			buildSettings = {
				ALWAYS_SEARCH_USER_PATHS = NO;
				CLANG_ANALYZER_NONNULL = YES;
				CLANG_ANALYZER_NUMBER_OBJECT_CONVERSION = YES_AGGRESSIVE;
				CLANG_CXX_LANGUAGE_STANDARD = "gnu++14";
				CLANG_CXX_LIBRARY = "libc++";
				CLANG_ENABLE_MODULES = YES;
				CLANG_ENABLE_OBJC_ARC = YES;
				CLANG_ENABLE_OBJC_WEAK = YES;
				CLANG_WARN_BLOCK_CAPTURE_AUTORELEASING = YES;
				CLANG_WARN_BOOL_CONVERSION = YES;
				CLANG_WARN_COMMA = YES;
				CLANG_WARN_CONSTANT_CONVERSION = YES;
				CLANG_WARN_DEPRECATED_OBJC_IMPLEMENTATIONS = YES;
				CLANG_WARN_DIRECT_OBJC_ISA_USAGE = YES_ERROR;
				CLANG_WARN_DOCUMENTATION_COMMENTS = YES;
				CLANG_WARN_EMPTY_BODY = YES;
				CLANG_WARN_ENUM_CONVERSION = YES;
				CLANG_WARN_INFINITE_RECURSION = YES;
				CLANG_WARN_INT_CONVERSION = YES;
				CLANG_WARN_NON_LITERAL_NULL_CONVERSION = YES;
				CLANG_WARN_OBJC_IMPLICIT_RETAIN_SELF = YES;
				CLANG_WARN_OBJC_LITERAL_CONVERSION = YES;
				CLANG_WARN_OBJC_ROOT_CLASS = YES_ERROR;
				CLANG_WARN_RANGE_LOOP_ANALYSIS = YES;
				CLANG_WARN_STRICT_PROTOTYPES = YES;
				CLANG_WARN_SUSPICIOUS_MOVE = YES;
				CLANG_WARN_UNGUARDED_AVAILABILITY = YES_AGGRESSIVE;
				CLANG_WARN_UNREACHABLE_CODE = YES;
				CLANG_WARN__DUPLICATE_METHOD_MATCH = YES;
				COPY_PHASE_STRIP = NO;
				DEBUG_INFORMATION_FORMAT = "dwarf-with-dsym";
				ENABLE_NS_ASSERTIONS = NO;
				ENABLE_STRICT_OBJC_MSGSEND = YES;
				GCC_C_LANGUAGE_STANDARD = gnu11;
				GCC_NO_COMMON_BLOCKS = YES;
				GCC_WARN_64_TO_32_BIT_CONVERSION = YES;
				GCC_WARN_ABOUT_RETURN_TYPE = YES_ERROR;
				GCC_WARN_UNDECLARED_SELECTOR = YES;
				GCC_WARN_UNINITIALIZED_AUTOS = YES_AGGRESSIVE;
				GCC_WARN_UNUSED_FUNCTION = YES;
				GCC_WARN_UNUSED_VARIABLE = YES;
				IPHONEOS_DEPLOYMENT_TARGET = 13.4;
				MTL_ENABLE_DEBUG_INFO = NO;
				MTL_FAST_MATH = YES;
				SDKROOT = iphoneos;
				SWIFT_COMPILATION_MODE = wholemodule;
				SWIFT_OPTIMIZATION_LEVEL = "-O";
				VALIDATE_PRODUCT = YES;
			};
			name = Release;
		};
		43023878243D14FE00B42A83 /* Debug */ = {
			isa = XCBuildConfiguration;
			buildSettings = {
				ASSETCATALOG_COMPILER_APPICON_NAME = AppIcon;
				CODE_SIGN_STYLE = Automatic;
				DEVELOPMENT_ASSET_PATHS = "\"SwiftUIChecker/Preview Content\"";
				DEVELOPMENT_TEAM = "";
				ENABLE_PREVIEWS = YES;
				INFOPLIST_FILE = SwiftUIChecker/Info.plist;
				LD_RUNPATH_SEARCH_PATHS = (
					"$(inherited)",
					"@executable_path/Frameworks",
				);
				PRODUCT_BUNDLE_IDENTIFIER = com.wasitu.SwiftUIChecker;
				PRODUCT_NAME = "$(TARGET_NAME)";
				SWIFT_VERSION = 5.0;
				TARGETED_DEVICE_FAMILY = "1,2";
			};
			name = Debug;
		};
		43023879243D14FE00B42A83 /* Release */ = {
			isa = XCBuildConfiguration;
			buildSettings = {
				ASSETCATALOG_COMPILER_APPICON_NAME = AppIcon;
				CODE_SIGN_STYLE = Automatic;
				DEVELOPMENT_ASSET_PATHS = "\"SwiftUIChecker/Preview Content\"";
				DEVELOPMENT_TEAM = "";
				ENABLE_PREVIEWS = YES;
				INFOPLIST_FILE = SwiftUIChecker/Info.plist;
				LD_RUNPATH_SEARCH_PATHS = (
					"$(inherited)",
					"@executable_path/Frameworks",
				);
				PRODUCT_BUNDLE_IDENTIFIER = com.wasitu.SwiftUIChecker;
				PRODUCT_NAME = "$(TARGET_NAME)";
				SWIFT_VERSION = 5.0;
				TARGETED_DEVICE_FAMILY = "1,2";
			};
			name = Release;
		};
/* End XCBuildConfiguration section */

/* Begin XCConfigurationList section */
		4302385E243D14FC00B42A83 /* Build configuration list for PBXProject "SwiftUIChecker" */ = {
			isa = XCConfigurationList;
			buildConfigurations = (
				43023875243D14FE00B42A83 /* Debug */,
				43023876243D14FE00B42A83 /* Release */,
			);
			defaultConfigurationIsVisible = 0;
			defaultConfigurationName = Release;
		};
		43023877243D14FE00B42A83 /* Build configuration list for PBXNativeTarget "SwiftUIChecker" */ = {
			isa = XCConfigurationList;
			buildConfigurations = (
				43023878243D14FE00B42A83 /* Debug */,
				43023879243D14FE00B42A83 /* Release */,
			);
			defaultConfigurationIsVisible = 0;
			defaultConfigurationName = Release;
		};
/* End XCConfigurationList section */
	};
	rootObject = 4302385B243D14FC00B42A83 /* Project object */;
}
